lockfileVersion: '9.0'

settings:
  autoInstallPeers: true
  excludeLinksFromLockfile: false

importers:

  .:
    devDependencies:
      '@types/jest':
        specifier: ^29.5.11
        version: 29.5.14
      '@types/jest-in-case':
        specifier: ^1.0.3
        version: 1.0.9
      '@types/node':
        specifier: ^22.10.4
        version: 22.17.1
      '@typescript-eslint/eslint-plugin':
        specifier: ^8.0.0
        version: 8.39.1(@typescript-eslint/parser@8.39.1(eslint@9.33.0)(typescript@5.9.2))(eslint@9.33.0)(typescript@5.9.2)
      '@typescript-eslint/parser':
        specifier: ^8.0.0
        version: 8.39.1(eslint@9.33.0)(typescript@5.9.2)
      cpy-cli:
        specifier: ^6.0.0
        version: 6.0.0
      eslint:
        specifier: ^9.6.0
        version: 9.33.0
      eslint-config-prettier:
        specifier: ^9.1.0
        version: 9.1.2(eslint@9.33.0)
      eslint-plugin-simple-import-sort:
        specifier: ^12.1.0
        version: 12.1.1(eslint@9.33.0)
      eslint-plugin-unused-imports:
        specifier: ^4.0.0
        version: 4.1.4(@typescript-eslint/eslint-plugin@8.39.1(@typescript-eslint/parser@8.39.1(eslint@9.33.0)(typescript@5.9.2))(eslint@9.33.0)(typescript@5.9.2))(eslint@9.33.0)
      graphile-test:
        specifier: ^2.3.1
        version: 2.3.1(graphile-build-pg@4.14.1(graphql@15.5.2)(pg@8.16.3))(pg-sql2@4.14.1(pg@8.16.3))(postgraphile-core@4.14.1(graphql@15.5.2)(pg@8.16.3))
      graphql-tag:
        specifier: ^2.12.6
        version: 2.12.6(graphql@15.5.2)
      jest:
        specifier: ^29.6.2
        version: 29.7.0(@types/node@22.17.1)(ts-node@10.9.2(@types/node@22.17.1)(typescript@5.9.2))
      jest-in-case:
        specifier: ^1.0.2
        version: 1.0.2
      lerna:
        specifier: ^8.2.3
        version: 8.2.3(@types/node@22.17.1)(encoding@0.1.13)
      pgsql-test:
        specifier: ^2.7.0
        version: 2.7.0(@babel/core@7.28.0)(@pgsql/types@17.6.1)(graphql@15.5.2)
      prettier:
        specifier: ^3.0.2
        version: 3.6.2
      rimraf:
        specifier: 4.4.1
        version: 4.4.1
      ts-jest:
        specifier: ^29.1.1
        version: 29.4.1(@babel/core@7.28.0)(@jest/transform@29.7.0)(@jest/types@29.6.3)(babel-jest@29.7.0(@babel/core@7.28.0))(jest-util@29.7.0)(jest@29.7.0(@types/node@22.17.1)(ts-node@10.9.2(@types/node@22.17.1)(typescript@5.9.2)))(typescript@5.9.2)
      ts-node:
        specifier: ^10.9.2
        version: 10.9.2(@types/node@22.17.1)(typescript@5.9.2)
      typescript:
        specifier: ^5.1.6
        version: 5.9.2

